
Microsoft Visual Studio Solution File, Format Version 12.00
# Visual Studio 15
VisualStudioVersion = 15.0.28307.136
MinimumVisualStudioVersion = 10.0.40219.1
Project("{FAE04EC0-301F-11D3-BF4B-00C04F79EFBC}") = "POC.Android", "POC\POC.Android\POC.Android.csproj", "{AA176B8F-8ABC-44A0-B8B9-06F1AA583428}"
EndProject
Project("{FAE04EC0-301F-11D3-BF4B-00C04F79EFBC}") = "POC.iOS", "POC\POC.iOS\POC.iOS.csproj", "{72A49896-E392-414A-AE35-C73CC2C8488A}"
EndProject
Project("{FAE04EC0-301F-11D3-BF4B-00C04F79EFBC}") = "POC.UWP", "POC\POC.UWP\POC.UWP.csproj", "{48C08991-2465-497B-8F49-88E7761E037B}"
EndProject
Project("{FAE04EC0-301F-11D3-BF4B-00C04F79EFBC}") = "POC", "POC\POC\POC.csproj", "{ED8EEA4D-135E-4448-B27F-867A3A8D8918}"
EndProject
Global
	GlobalSection(SolutionConfigurationPlatforms) = preSolution
		Ad-Hoc|Any CPU = Ad-Hoc|Any CPU
		Ad-Hoc|ARM = Ad-Hoc|ARM
		Ad-Hoc|iPhone = Ad-Hoc|iPhone
		Ad-Hoc|iPhoneSimulator = Ad-Hoc|iPhoneSimulator
		Ad-Hoc|x64 = Ad-Hoc|x64
		Ad-Hoc|x86 = Ad-Hoc|x86
		AppStore|Any CPU = AppStore|Any CPU
		AppStore|ARM = AppStore|ARM
		AppStore|iPhone = AppStore|iPhone
		AppStore|iPhoneSimulator = AppStore|iPhoneSimulator
		AppStore|x64 = AppStore|x64
		AppStore|x86 = AppStore|x86
		Debug|Any CPU = Debug|Any CPU
		Debug|ARM = Debug|ARM
		Debug|iPhone = Debug|iPhone
		Debug|iPhoneSimulator = Debug|iPhoneSimulator
		Debug|x64 = Debug|x64
		Debug|x86 = Debug|x86
		Release|Any CPU = Release|Any CPU
		Release|ARM = Release|ARM
		Release|iPhone = Release|iPhone
		Release|iPhoneSimulator = Release|iPhoneSimulator
		Release|x64 = Release|x64
		Release|x86 = Release|x86
	EndGlobalSection
	GlobalSection(ProjectConfigurationPlatforms) = postSolution
		{AA176B8F-8ABC-44A0-B8B9-06F1AA583428}.Ad-Hoc|Any CPU.ActiveCfg = Release|Any CPU
		{AA176B8F-8ABC-44A0-B8B9-06F1AA583428}.Ad-Hoc|Any CPU.Build.0 = Release|Any CPU
		{AA176B8F-8ABC-44A0-B8B9-06F1AA583428}.Ad-Hoc|Any CPU.Deploy.0 = Release|Any CPU
		{AA176B8F-8ABC-44A0-B8B9-06F1AA583428}.Ad-Hoc|ARM.ActiveCfg = Release|Any CPU
		{AA176B8F-8ABC-44A0-B8B9-06F1AA583428}.Ad-Hoc|ARM.Build.0 = Release|Any CPU
		{AA176B8F-8ABC-44A0-B8B9-06F1AA583428}.Ad-Hoc|ARM.Deploy.0 = Release|Any CPU
		{AA176B8F-8ABC-44A0-B8B9-06F1AA583428}.Ad-Hoc|iPhone.ActiveCfg = Release|Any CPU
		{AA176B8F-8ABC-44A0-B8B9-06F1AA583428}.Ad-Hoc|iPhone.Build.0 = Release|Any CPU
		{AA176B8F-8ABC-44A0-B8B9-06F1AA583428}.Ad-Hoc|iPhone.Deploy.0 = Release|Any CPU
		{AA176B8F-8ABC-44A0-B8B9-06F1AA583428}.Ad-Hoc|iPhoneSimulator.ActiveCfg = Release|Any CPU
		{AA176B8F-8ABC-44A0-B8B9-06F1AA583428}.Ad-Hoc|iPhoneSimulator.Build.0 = Release|Any CPU
		{AA176B8F-8ABC-44A0-B8B9-06F1AA583428}.Ad-Hoc|iPhoneSimulator.Deploy.0 = Release|Any CPU
		{AA176B8F-8ABC-44A0-B8B9-06F1AA583428}.Ad-Hoc|x64.ActiveCfg = Release|Any CPU
		{AA176B8F-8ABC-44A0-B8B9-06F1AA583428}.Ad-Hoc|x64.Build.0 = Release|Any CPU
		{AA176B8F-8ABC-44A0-B8B9-06F1AA583428}.Ad-Hoc|x64.Deploy.0 = Release|Any CPU
		{AA176B8F-8ABC-44A0-B8B9-06F1AA583428}.Ad-Hoc|x86.ActiveCfg = Release|Any CPU
		{AA176B8F-8ABC-44A0-B8B9-06F1AA583428}.Ad-Hoc|x86.Build.0 = Release|Any CPU
		{AA176B8F-8ABC-44A0-B8B9-06F1AA583428}.Ad-Hoc|x86.Deploy.0 = Release|Any CPU
		{AA176B8F-8ABC-44A0-B8B9-06F1AA583428}.AppStore|Any CPU.ActiveCfg = Release|Any CPU
		{AA176B8F-8ABC-44A0-B8B9-06F1AA583428}.AppStore|Any CPU.Build.0 = Release|Any CPU
		{AA176B8F-8ABC-44A0-B8B9-06F1AA583428}.AppStore|Any CPU.Deploy.0 = Release|Any CPU
		{AA176B8F-8ABC-44A0-B8B9-06F1AA583428}.AppStore|ARM.ActiveCfg = Release|Any CPU
		{AA176B8F-8ABC-44A0-B8B9-06F1AA583428}.AppStore|ARM.Build.0 = Release|Any CPU
		{AA176B8F-8ABC-44A0-B8B9-06F1AA583428}.AppStore|ARM.Deploy.0 = Release|Any CPU
		{AA176B8F-8ABC-44A0-B8B9-06F1AA583428}.AppStore|iPhone.ActiveCfg = Release|Any CPU
		{AA176B8F-8ABC-44A0-B8B9-06F1AA583428}.AppStore|iPhone.Build.0 = Release|Any CPU
		{AA176B8F-8ABC-44A0-B8B9-06F1AA583428}.AppStore|iPhone.Deploy.0 = Release|Any CPU
		{AA176B8F-8ABC-44A0-B8B9-06F1AA583428}.AppStore|iPhoneSimulator.ActiveCfg = Release|Any CPU
		{AA176B8F-8ABC-44A0-B8B9-06F1AA583428}.AppStore|iPhoneSimulator.Build.0 = Release|Any CPU
		{AA176B8F-8ABC-44A0-B8B9-06F1AA583428}.AppStore|iPhoneSimulator.Deploy.0 = Release|Any CPU
		{AA176B8F-8ABC-44A0-B8B9-06F1AA583428}.AppStore|x64.ActiveCfg = Release|Any CPU
		{AA176B8F-8ABC-44A0-B8B9-06F1AA583428}.AppStore|x64.Build.0 = Release|Any CPU
		{AA176B8F-8ABC-44A0-B8B9-06F1AA583428}.AppStore|x64.Deploy.0 = Release|Any CPU
		{AA176B8F-8ABC-44A0-B8B9-06F1AA583428}.AppStore|x86.ActiveCfg = Release|Any CPU
		{AA176B8F-8ABC-44A0-B8B9-06F1AA583428}.AppStore|x86.Build.0 = Release|Any CPU
		{AA176B8F-8ABC-44A0-B8B9-06F1AA583428}.AppStore|x86.Deploy.0 = Release|Any CPU
		{AA176B8F-8ABC-44A0-B8B9-06F1AA583428}.Debug|Any CPU.ActiveCfg = Debug|Any CPU
		{AA176B8F-8ABC-44A0-B8B9-06F1AA583428}.Debug|Any CPU.Build.0 = Debug|Any CPU
		{AA176B8F-8ABC-44A0-B8B9-06F1AA583428}.Debug|Any CPU.Deploy.0 = Debug|Any CPU
		{AA176B8F-8ABC-44A0-B8B9-06F1AA583428}.Debug|ARM.ActiveCfg = Debug|Any CPU
		{AA176B8F-8ABC-44A0-B8B9-06F1AA583428}.Debug|ARM.Build.0 = Debug|Any CPU
		{AA176B8F-8ABC-44A0-B8B9-06F1AA583428}.Debug|ARM.Deploy.0 = Debug|Any CPU
		{AA176B8F-8ABC-44A0-B8B9-06F1AA583428}.Debug|iPhone.ActiveCfg = Debug|Any CPU
		{AA176B8F-8ABC-44A0-B8B9-06F1AA583428}.Debug|iPhone.Build.0 = Debug|Any CPU
		{AA176B8F-8ABC-44A0-B8B9-06F1AA583428}.Debug|iPhone.Deploy.0 = Debug|Any CPU
		{AA176B8F-8ABC-44A0-B8B9-06F1AA583428}.Debug|iPhoneSimulator.ActiveCfg = Debug|Any CPU
		{AA176B8F-8ABC-44A0-B8B9-06F1AA583428}.Debug|iPhoneSimulator.Build.0 = Debug|Any CPU
		{AA176B8F-8ABC-44A0-B8B9-06F1AA583428}.Debug|iPhoneSimulator.Deploy.0 = Debug|Any CPU
		{AA176B8F-8ABC-44A0-B8B9-06F1AA583428}.Debug|x64.ActiveCfg = Debug|Any CPU
		{AA176B8F-8ABC-44A0-B8B9-06F1AA583428}.Debug|x64.Build.0 = Debug|Any CPU
		{AA176B8F-8ABC-44A0-B8B9-06F1AA583428}.Debug|x64.Deploy.0 = Debug|Any CPU
		{AA176B8F-8ABC-44A0-B8B9-06F1AA583428}.Debug|x86.ActiveCfg = Debug|Any CPU
		{AA176B8F-8ABC-44A0-B8B9-06F1AA583428}.Debug|x86.Build.0 = Debug|Any CPU
		{AA176B8F-8ABC-44A0-B8B9-06F1AA583428}.Debug|x86.Deploy.0 = Debug|Any CPU
		{AA176B8F-8ABC-44A0-B8B9-06F1AA583428}.Release|Any CPU.ActiveCfg = Release|Any CPU
		{AA176B8F-8ABC-44A0-B8B9-06F1AA583428}.Release|Any CPU.Build.0 = Release|Any CPU
		{AA176B8F-8ABC-44A0-B8B9-06F1AA583428}.Release|Any CPU.Deploy.0 = Release|Any CPU
		{AA176B8F-8ABC-44A0-B8B9-06F1AA583428}.Release|ARM.ActiveCfg = Release|Any CPU
		{AA176B8F-8ABC-44A0-B8B9-06F1AA583428}.Release|ARM.Build.0 = Release|Any CPU
		{AA176B8F-8ABC-44A0-B8B9-06F1AA583428}.Release|ARM.Deploy.0 = Release|Any CPU
		{AA176B8F-8ABC-44A0-B8B9-06F1AA583428}.Release|iPhone.ActiveCfg = Release|Any CPU
		{AA176B8F-8ABC-44A0-B8B9-06F1AA583428}.Release|iPhone.Build.0 = Release|Any CPU
		{AA176B8F-8ABC-44A0-B8B9-06F1AA583428}.Release|iPhone.Deploy.0 = Release|Any CPU
		{AA176B8F-8ABC-44A0-B8B9-06F1AA583428}.Release|iPhoneSimulator.ActiveCfg = Release|Any CPU
		{AA176B8F-8ABC-44A0-B8B9-06F1AA583428}.Release|iPhoneSimulator.Build.0 = Release|Any CPU
		{AA176B8F-8ABC-44A0-B8B9-06F1AA583428}.Release|iPhoneSimulator.Deploy.0 = Release|Any CPU
		{AA176B8F-8ABC-44A0-B8B9-06F1AA583428}.Release|x64.ActiveCfg = Release|Any CPU
		{AA176B8F-8ABC-44A0-B8B9-06F1AA583428}.Release|x64.Build.0 = Release|Any CPU
		{AA176B8F-8ABC-44A0-B8B9-06F1AA583428}.Release|x64.Deploy.0 = Release|Any CPU
		{AA176B8F-8ABC-44A0-B8B9-06F1AA583428}.Release|x86.ActiveCfg = Release|Any CPU
		{AA176B8F-8ABC-44A0-B8B9-06F1AA583428}.Release|x86.Build.0 = Release|Any CPU
		{AA176B8F-8ABC-44A0-B8B9-06F1AA583428}.Release|x86.Deploy.0 = Release|Any CPU
		{72A49896-E392-414A-AE35-C73CC2C8488A}.Ad-Hoc|Any CPU.ActiveCfg = Ad-Hoc|iPhone
		{72A49896-E392-414A-AE35-C73CC2C8488A}.Ad-Hoc|Any CPU.Build.0 = Ad-Hoc|iPhone
		{72A49896-E392-414A-AE35-C73CC2C8488A}.Ad-Hoc|Any CPU.Deploy.0 = Ad-Hoc|iPhone
		{72A49896-E392-414A-AE35-C73CC2C8488A}.Ad-Hoc|ARM.ActiveCfg = Ad-Hoc|iPhone
		{72A49896-E392-414A-AE35-C73CC2C8488A}.Ad-Hoc|ARM.Build.0 = Ad-Hoc|iPhone
		{72A49896-E392-414A-AE35-C73CC2C8488A}.Ad-Hoc|ARM.Deploy.0 = Ad-Hoc|iPhone
		{72A49896-E392-414A-AE35-C73CC2C8488A}.Ad-Hoc|iPhone.ActiveCfg = Ad-Hoc|iPhone
		{72A49896-E392-414A-AE35-C73CC2C8488A}.Ad-Hoc|iPhone.Build.0 = Ad-Hoc|iPhone
		{72A49896-E392-414A-AE35-C73CC2C8488A}.Ad-Hoc|iPhone.Deploy.0 = Ad-Hoc|iPhone
		{72A49896-E392-414A-AE35-C73CC2C8488A}.Ad-Hoc|iPhoneSimulator.ActiveCfg = Ad-Hoc|iPhoneSimulator
		{72A49896-E392-414A-AE35-C73CC2C8488A}.Ad-Hoc|iPhoneSimulator.Build.0 = Ad-Hoc|iPhoneSimulator
		{72A49896-E392-414A-AE35-C73CC2C8488A}.Ad-Hoc|iPhoneSimulator.Deploy.0 = Ad-Hoc|iPhoneSimulator
		{72A49896-E392-414A-AE35-C73CC2C8488A}.Ad-Hoc|x64.ActiveCfg = Ad-Hoc|iPhone
		{72A49896-E392-414A-AE35-C73CC2C8488A}.Ad-Hoc|x64.Build.0 = Ad-Hoc|iPhone
		{72A49896-E392-414A-AE35-C73CC2C8488A}.Ad-Hoc|x64.Deploy.0 = Ad-Hoc|iPhone
		{72A49896-E392-414A-AE35-C73CC2C8488A}.Ad-Hoc|x86.ActiveCfg = Ad-Hoc|iPhone
		{72A49896-E392-414A-AE35-C73CC2C8488A}.Ad-Hoc|x86.Build.0 = Ad-Hoc|iPhone
		{72A49896-E392-414A-AE35-C73CC2C8488A}.Ad-Hoc|x86.Deploy.0 = Ad-Hoc|iPhone
		{72A49896-E392-414A-AE35-C73CC2C8488A}.AppStore|Any CPU.ActiveCfg = AppStore|iPhone
		{72A49896-E392-414A-AE35-C73CC2C8488A}.AppStore|Any CPU.Build.0 = AppStore|iPhone
		{72A49896-E392-414A-AE35-C73CC2C8488A}.AppStore|Any CPU.Deploy.0 = AppStore|iPhone
		{72A49896-E392-414A-AE35-C73CC2C8488A}.AppStore|ARM.ActiveCfg = AppStore|iPhone
		{72A49896-E392-414A-AE35-C73CC2C8488A}.AppStore|ARM.Build.0 = AppStore|iPhone
		{72A49896-E392-414A-AE35-C73CC2C8488A}.AppStore|ARM.Deploy.0 = AppStore|iPhone
		{72A49896-E392-414A-AE35-C73CC2C8488A}.AppStore|iPhone.ActiveCfg = AppStore|iPhone
		{72A49896-E392-414A-AE35-C73CC2C8488A}.AppStore|iPhone.Build.0 = AppStore|iPhone
		{72A49896-E392-414A-AE35-C73CC2C8488A}.AppStore|iPhone.Deploy.0 = AppStore|iPhone
		{72A49896-E392-414A-AE35-C73CC2C8488A}.AppStore|iPhoneSimulator.ActiveCfg = AppStore|iPhoneSimulator
		{72A49896-E392-414A-AE35-C73CC2C8488A}.AppStore|iPhoneSimulator.Build.0 = AppStore|iPhoneSimulator
		{72A49896-E392-414A-AE35-C73CC2C8488A}.AppStore|iPhoneSimulator.Deploy.0 = AppStore|iPhoneSimulator
		{72A49896-E392-414A-AE35-C73CC2C8488A}.AppStore|x64.ActiveCfg = AppStore|iPhone
		{72A49896-E392-414A-AE35-C73CC2C8488A}.AppStore|x64.Build.0 = AppStore|iPhone
		{72A49896-E392-414A-AE35-C73CC2C8488A}.AppStore|x64.Deploy.0 = AppStore|iPhone
		{72A49896-E392-414A-AE35-C73CC2C8488A}.AppStore|x86.ActiveCfg = AppStore|iPhone
		{72A49896-E392-414A-AE35-C73CC2C8488A}.AppStore|x86.Build.0 = AppStore|iPhone
		{72A49896-E392-414A-AE35-C73CC2C8488A}.AppStore|x86.Deploy.0 = AppStore|iPhone
		{72A49896-E392-414A-AE35-C73CC2C8488A}.Debug|Any CPU.ActiveCfg = Debug|iPhoneSimulator
		{72A49896-E392-414A-AE35-C73CC2C8488A}.Debug|Any CPU.Build.0 = Debug|iPhoneSimulator
		{72A49896-E392-414A-AE35-C73CC2C8488A}.Debug|Any CPU.Deploy.0 = Debug|iPhoneSimulator
		{72A49896-E392-414A-AE35-C73CC2C8488A}.Debug|ARM.ActiveCfg = Debug|iPhone
		{72A49896-E392-414A-AE35-C73CC2C8488A}.Debug|ARM.Build.0 = Debug|iPhone
		{72A49896-E392-414A-AE35-C73CC2C8488A}.Debug|ARM.Deploy.0 = Debug|iPhone
		{72A49896-E392-414A-AE35-C73CC2C8488A}.Debug|iPhone.ActiveCfg = Debug|iPhone
		{72A49896-E392-414A-AE35-C73CC2C8488A}.Debug|iPhone.Build.0 = Debug|iPhone
		{72A49896-E392-414A-AE35-C73CC2C8488A}.Debug|iPhone.Deploy.0 = Debug|iPhone
		{72A49896-E392-414A-AE35-C73CC2C8488A}.Debug|iPhoneSimulator.ActiveCfg = Debug|iPhoneSimulator
		{72A49896-E392-414A-AE35-C73CC2C8488A}.Debug|iPhoneSimulator.Build.0 = Debug|iPhoneSimulator
		{72A49896-E392-414A-AE35-C73CC2C8488A}.Debug|iPhoneSimulator.Deploy.0 = Debug|iPhoneSimulator
		{72A49896-E392-414A-AE35-C73CC2C8488A}.Debug|x64.ActiveCfg = Debug|iPhone
		{72A49896-E392-414A-AE35-C73CC2C8488A}.Debug|x64.Build.0 = Debug|iPhone
		{72A49896-E392-414A-AE35-C73CC2C8488A}.Debug|x64.Deploy.0 = Debug|iPhone
		{72A49896-E392-414A-AE35-C73CC2C8488A}.Debug|x86.ActiveCfg = Debug|iPhone
		{72A49896-E392-414A-AE35-C73CC2C8488A}.Debug|x86.Build.0 = Debug|iPhone
		{72A49896-E392-414A-AE35-C73CC2C8488A}.Debug|x86.Deploy.0 = Debug|iPhone
		{72A49896-E392-414A-AE35-C73CC2C8488A}.Release|Any CPU.ActiveCfg = Release|iPhone
		{72A49896-E392-414A-AE35-C73CC2C8488A}.Release|Any CPU.Build.0 = Release|iPhone
		{72A49896-E392-414A-AE35-C73CC2C8488A}.Release|Any CPU.Deploy.0 = Release|iPhone
		{72A49896-E392-414A-AE35-C73CC2C8488A}.Release|ARM.ActiveCfg = Release|iPhone
		{72A49896-E392-414A-AE35-C73CC2C8488A}.Release|ARM.Build.0 = Release|iPhone
		{72A49896-E392-414A-AE35-C73CC2C8488A}.Release|ARM.Deploy.0 = Release|iPhone
		{72A49896-E392-414A-AE35-C73CC2C8488A}.Release|iPhone.ActiveCfg = Release|iPhone
		{72A49896-E392-414A-AE35-C73CC2C8488A}.Release|iPhone.Build.0 = Release|iPhone
		{72A49896-E392-414A-AE35-C73CC2C8488A}.Release|iPhone.Deploy.0 = Release|iPhone
		{72A49896-E392-414A-AE35-C73CC2C8488A}.Release|iPhoneSimulator.ActiveCfg = Release|iPhoneSimulator
		{72A49896-E392-414A-AE35-C73CC2C8488A}.Release|iPhoneSimulator.Build.0 = Release|iPhoneSimulator
		{72A49896-E392-414A-AE35-C73CC2C8488A}.Release|iPhoneSimulator.Deploy.0 = Release|iPhoneSimulator
		{72A49896-E392-414A-AE35-C73CC2C8488A}.Release|x64.ActiveCfg = Release|iPhone
		{72A49896-E392-414A-AE35-C73CC2C8488A}.Release|x64.Build.0 = Release|iPhone
		{72A49896-E392-414A-AE35-C73CC2C8488A}.Release|x64.Deploy.0 = Release|iPhone
		{72A49896-E392-414A-AE35-C73CC2C8488A}.Release|x86.ActiveCfg = Release|iPhone
		{72A49896-E392-414A-AE35-C73CC2C8488A}.Release|x86.Build.0 = Release|iPhone
		{72A49896-E392-414A-AE35-C73CC2C8488A}.Release|x86.Deploy.0 = Release|iPhone
		{48C08991-2465-497B-8F49-88E7761E037B}.Ad-Hoc|Any CPU.ActiveCfg = Release|x86
		{48C08991-2465-497B-8F49-88E7761E037B}.Ad-Hoc|Any CPU.Build.0 = Release|x86
		{48C08991-2465-497B-8F49-88E7761E037B}.Ad-Hoc|Any CPU.Deploy.0 = Release|x86
		{48C08991-2465-497B-8F49-88E7761E037B}.Ad-Hoc|ARM.ActiveCfg = Release|ARM
		{48C08991-2465-497B-8F49-88E7761E037B}.Ad-Hoc|ARM.Build.0 = Release|ARM
		{48C08991-2465-497B-8F49-88E7761E037B}.Ad-Hoc|ARM.Deploy.0 = Release|ARM
		{48C08991-2465-497B-8F49-88E7761E037B}.Ad-Hoc|iPhone.ActiveCfg = Release|x86
		{48C08991-2465-497B-8F49-88E7761E037B}.Ad-Hoc|iPhone.Build.0 = Release|x86
		{48C08991-2465-497B-8F49-88E7761E037B}.Ad-Hoc|iPhone.Deploy.0 = Release|x86
		{48C08991-2465-497B-8F49-88E7761E037B}.Ad-Hoc|iPhoneSimulator.ActiveCfg = Release|x86
		{48C08991-2465-497B-8F49-88E7761E037B}.Ad-Hoc|iPhoneSimulator.Build.0 = Release|x86
		{48C08991-2465-497B-8F49-88E7761E037B}.Ad-Hoc|iPhoneSimulator.Deploy.0 = Release|x86
		{48C08991-2465-497B-8F49-88E7761E037B}.Ad-Hoc|x64.ActiveCfg = Release|x64
		{48C08991-2465-497B-8F49-88E7761E037B}.Ad-Hoc|x64.Build.0 = Release|x64
		{48C08991-2465-497B-8F49-88E7761E037B}.Ad-Hoc|x64.Deploy.0 = Release|x64
		{48C08991-2465-497B-8F49-88E7761E037B}.Ad-Hoc|x86.ActiveCfg = Release|x86
		{48C08991-2465-497B-8F49-88E7761E037B}.Ad-Hoc|x86.Build.0 = Release|x86
		{48C08991-2465-497B-8F49-88E7761E037B}.Ad-Hoc|x86.Deploy.0 = Release|x86
		{48C08991-2465-497B-8F49-88E7761E037B}.AppStore|Any CPU.ActiveCfg = Release|x86
		{48C08991-2465-497B-8F49-88E7761E037B}.AppStore|Any CPU.Build.0 = Release|x86
		{48C08991-2465-497B-8F49-88E7761E037B}.AppStore|Any CPU.Deploy.0 = Release|x86
		{48C08991-2465-497B-8F49-88E7761E037B}.AppStore|ARM.ActiveCfg = Release|ARM
		{48C08991-2465-497B-8F49-88E7761E037B}.AppStore|ARM.Build.0 = Release|ARM
		{48C08991-2465-497B-8F49-88E7761E037B}.AppStore|ARM.Deploy.0 = Release|ARM
		{48C08991-2465-497B-8F49-88E7761E037B}.AppStore|iPhone.ActiveCfg = Release|x86
		{48C08991-2465-497B-8F49-88E7761E037B}.AppStore|iPhone.Build.0 = Release|x86
		{48C08991-2465-497B-8F49-88E7761E037B}.AppStore|iPhone.Deploy.0 = Release|x86
		{48C08991-2465-497B-8F49-88E7761E037B}.AppStore|iPhoneSimulator.ActiveCfg = Release|x86
		{48C08991-2465-497B-8F49-88E7761E037B}.AppStore|iPhoneSimulator.Build.0 = Release|x86
		{48C08991-2465-497B-8F49-88E7761E037B}.AppStore|iPhoneSimulator.Deploy.0 = Release|x86
		{48C08991-2465-497B-8F49-88E7761E037B}.AppStore|x64.ActiveCfg = Release|x64
		{48C08991-2465-497B-8F49-88E7761E037B}.AppStore|x64.Build.0 = Release|x64
		{48C08991-2465-497B-8F49-88E7761E037B}.AppStore|x64.Deploy.0 = Release|x64
		{48C08991-2465-497B-8F49-88E7761E037B}.AppStore|x86.ActiveCfg = Release|x86
		{48C08991-2465-497B-8F49-88E7761E037B}.AppStore|x86.Build.0 = Release|x86
		{48C08991-2465-497B-8F49-88E7761E037B}.AppStore|x86.Deploy.0 = Release|x86
		{48C08991-2465-497B-8F49-88E7761E037B}.Debug|Any CPU.ActiveCfg = Debug|x86
		{48C08991-2465-497B-8F49-88E7761E037B}.Debug|Any CPU.Build.0 = Debug|x86
		{48C08991-2465-497B-8F49-88E7761E037B}.Debug|Any CPU.Deploy.0 = Debug|x86
		{48C08991-2465-497B-8F49-88E7761E037B}.Debug|ARM.ActiveCfg = Debug|ARM
		{48C08991-2465-497B-8F49-88E7761E037B}.Debug|ARM.Build.0 = Debug|ARM
		{48C08991-2465-497B-8F49-88E7761E037B}.Debug|ARM.Deploy.0 = Debug|ARM
		{48C08991-2465-497B-8F49-88E7761E037B}.Debug|iPhone.ActiveCfg = Debug|x86
		{48C08991-2465-497B-8F49-88E7761E037B}.Debug|iPhone.Build.0 = Debug|x86
		{48C08991-2465-497B-8F49-88E7761E037B}.Debug|iPhone.Deploy.0 = Debug|x86
		{48C08991-2465-497B-8F49-88E7761E037B}.Debug|iPhoneSimulator.ActiveCfg = Debug|x86
		{48C08991-2465-497B-8F49-88E7761E037B}.Debug|iPhoneSimulator.Build.0 = Debug|x86
		{48C08991-2465-497B-8F49-88E7761E037B}.Debug|iPhoneSimulator.Deploy.0 = Debug|x86
		{48C08991-2465-497B-8F49-88E7761E037B}.Debug|x64.ActiveCfg = Debug|x64
		{48C08991-2465-497B-8F49-88E7761E037B}.Debug|x64.Build.0 = Debug|x64
		{48C08991-2465-497B-8F49-88E7761E037B}.Debug|x64.Deploy.0 = Debug|x64
		{48C08991-2465-497B-8F49-88E7761E037B}.Debug|x86.ActiveCfg = Debug|x86
		{48C08991-2465-497B-8F49-88E7761E037B}.Debug|x86.Build.0 = Debug|x86
		{48C08991-2465-497B-8F49-88E7761E037B}.Debug|x86.Deploy.0 = Debug|x86
		{48C08991-2465-497B-8F49-88E7761E037B}.Release|Any CPU.ActiveCfg = Release|x86
		{48C08991-2465-497B-8F49-88E7761E037B}.Release|Any CPU.Build.0 = Release|x86
		{48C08991-2465-497B-8F49-88E7761E037B}.Release|Any CPU.Deploy.0 = Release|x86
		{48C08991-2465-497B-8F49-88E7761E037B}.Release|ARM.ActiveCfg = Release|ARM
		{48C08991-2465-497B-8F49-88E7761E037B}.Release|ARM.Build.0 = Release|ARM
		{48C08991-2465-497B-8F49-88E7761E037B}.Release|ARM.Deploy.0 = Release|ARM
		{48C08991-2465-497B-8F49-88E7761E037B}.Release|iPhone.ActiveCfg = Release|x86
		{48C08991-2465-497B-8F49-88E7761E037B}.Release|iPhone.Build.0 = Release|x86
		{48C08991-2465-497B-8F49-88E7761E037B}.Release|iPhone.Deploy.0 = Release|x86
		{48C08991-2465-497B-8F49-88E7761E037B}.Release|iPhoneSimulator.ActiveCfg = Release|x86
		{48C08991-2465-497B-8F49-88E7761E037B}.Release|iPhoneSimulator.Build.0 = Release|x86
		{48C08991-2465-497B-8F49-88E7761E037B}.Release|iPhoneSimulator.Deploy.0 = Release|x86
		{48C08991-2465-497B-8F49-88E7761E037B}.Release|x64.ActiveCfg = Release|x64
		{48C08991-2465-497B-8F49-88E7761E037B}.Release|x64.Build.0 = Release|x64
		{48C08991-2465-497B-8F49-88E7761E037B}.Release|x64.Deploy.0 = Release|x64
		{48C08991-2465-497B-8F49-88E7761E037B}.Release|x86.ActiveCfg = Release|x86
		{48C08991-2465-497B-8F49-88E7761E037B}.Release|x86.Build.0 = Release|x86
		{48C08991-2465-497B-8F49-88E7761E037B}.Release|x86.Deploy.0 = Release|x86
		{ED8EEA4D-135E-4448-B27F-867A3A8D8918}.Ad-Hoc|Any CPU.ActiveCfg = Debug|Any CPU
		{ED8EEA4D-135E-4448-B27F-867A3A8D8918}.Ad-Hoc|Any CPU.Build.0 = Debug|Any CPU
		{ED8EEA4D-135E-4448-B27F-867A3A8D8918}.Ad-Hoc|Any CPU.Deploy.0 = Debug|Any CPU
		{ED8EEA4D-135E-4448-B27F-867A3A8D8918}.Ad-Hoc|ARM.ActiveCfg = Debug|Any CPU
		{ED8EEA4D-135E-4448-B27F-867A3A8D8918}.Ad-Hoc|ARM.Build.0 = Debug|Any CPU
		{ED8EEA4D-135E-4448-B27F-867A3A8D8918}.Ad-Hoc|ARM.Deploy.0 = Debug|Any CPU
		{ED8EEA4D-135E-4448-B27F-867A3A8D8918}.Ad-Hoc|iPhone.ActiveCfg = Debug|Any CPU
		{ED8EEA4D-135E-4448-B27F-867A3A8D8918}.Ad-Hoc|iPhone.Build.0 = Debug|Any CPU
		{ED8EEA4D-135E-4448-B27F-867A3A8D8918}.Ad-Hoc|iPhone.Deploy.0 = Debug|Any CPU
		{ED8EEA4D-135E-4448-B27F-867A3A8D8918}.Ad-Hoc|iPhoneSimulator.ActiveCfg = Debug|Any CPU
		{ED8EEA4D-135E-4448-B27F-867A3A8D8918}.Ad-Hoc|iPhoneSimulator.Build.0 = Debug|Any CPU
		{ED8EEA4D-135E-4448-B27F-867A3A8D8918}.Ad-Hoc|iPhoneSimulator.Deploy.0 = Debug|Any CPU
		{ED8EEA4D-135E-4448-B27F-867A3A8D8918}.Ad-Hoc|x64.ActiveCfg = Debug|Any CPU
		{ED8EEA4D-135E-4448-B27F-867A3A8D8918}.Ad-Hoc|x64.Build.0 = Debug|Any CPU
		{ED8EEA4D-135E-4448-B27F-867A3A8D8918}.Ad-Hoc|x64.Deploy.0 = Debug|Any CPU
		{ED8EEA4D-135E-4448-B27F-867A3A8D8918}.Ad-Hoc|x86.ActiveCfg = Debug|Any CPU
		{ED8EEA4D-135E-4448-B27F-867A3A8D8918}.Ad-Hoc|x86.Build.0 = Debug|Any CPU
		{ED8EEA4D-135E-4448-B27F-867A3A8D8918}.Ad-Hoc|x86.Deploy.0 = Debug|Any CPU
		{ED8EEA4D-135E-4448-B27F-867A3A8D8918}.AppStore|Any CPU.ActiveCfg = Debug|Any CPU
		{ED8EEA4D-135E-4448-B27F-867A3A8D8918}.AppStore|Any CPU.Build.0 = Debug|Any CPU
		{ED8EEA4D-135E-4448-B27F-867A3A8D8918}.AppStore|Any CPU.Deploy.0 = Debug|Any CPU
		{ED8EEA4D-135E-4448-B27F-867A3A8D8918}.AppStore|ARM.ActiveCfg = Debug|Any CPU
		{ED8EEA4D-135E-4448-B27F-867A3A8D8918}.AppStore|ARM.Build.0 = Debug|Any CPU
		{ED8EEA4D-135E-4448-B27F-867A3A8D8918}.AppStore|ARM.Deploy.0 = Debug|Any CPU
		{ED8EEA4D-135E-4448-B27F-867A3A8D8918}.AppStore|iPhone.ActiveCfg = Debug|Any CPU
		{ED8EEA4D-135E-4448-B27F-867A3A8D8918}.AppStore|iPhone.Build.0 = Debug|Any CPU
		{ED8EEA4D-135E-4448-B27F-867A3A8D8918}.AppStore|iPhone.Deploy.0 = Debug|Any CPU
		{ED8EEA4D-135E-4448-B27F-867A3A8D8918}.AppStore|iPhoneSimulator.ActiveCfg = Debug|Any CPU
		{ED8EEA4D-135E-4448-B27F-867A3A8D8918}.AppStore|iPhoneSimulator.Build.0 = Debug|Any CPU
		{ED8EEA4D-135E-4448-B27F-867A3A8D8918}.AppStore|iPhoneSimulator.Deploy.0 = Debug|Any CPU
		{ED8EEA4D-135E-4448-B27F-867A3A8D8918}.AppStore|x64.ActiveCfg = Debug|Any CPU
		{ED8EEA4D-135E-4448-B27F-867A3A8D8918}.AppStore|x64.Build.0 = Debug|Any CPU
		{ED8EEA4D-135E-4448-B27F-867A3A8D8918}.AppStore|x64.Deploy.0 = Debug|Any CPU
		{ED8EEA4D-135E-4448-B27F-867A3A8D8918}.AppStore|x86.ActiveCfg = Debug|Any CPU
		{ED8EEA4D-135E-4448-B27F-867A3A8D8918}.AppStore|x86.Build.0 = Debug|Any CPU
		{ED8EEA4D-135E-4448-B27F-867A3A8D8918}.AppStore|x86.Deploy.0 = Debug|Any CPU
		{ED8EEA4D-135E-4448-B27F-867A3A8D8918}.Debug|Any CPU.ActiveCfg = Debug|Any CPU
		{ED8EEA4D-135E-4448-B27F-867A3A8D8918}.Debug|Any CPU.Build.0 = Debug|Any CPU
		{ED8EEA4D-135E-4448-B27F-867A3A8D8918}.Debug|Any CPU.Deploy.0 = Debug|Any CPU
		{ED8EEA4D-135E-4448-B27F-867A3A8D8918}.Debug|ARM.ActiveCfg = Debug|Any CPU
		{ED8EEA4D-135E-4448-B27F-867A3A8D8918}.Debug|ARM.Build.0 = Debug|Any CPU
		{ED8EEA4D-135E-4448-B27F-867A3A8D8918}.Debug|ARM.Deploy.0 = Debug|Any CPU
		{ED8EEA4D-135E-4448-B27F-867A3A8D8918}.Debug|iPhone.ActiveCfg = Debug|Any CPU
		{ED8EEA4D-135E-4448-B27F-867A3A8D8918}.Debug|iPhone.Build.0 = Debug|Any CPU
		{ED8EEA4D-135E-4448-B27F-867A3A8D8918}.Debug|iPhone.Deploy.0 = Debug|Any CPU
		{ED8EEA4D-135E-4448-B27F-867A3A8D8918}.Debug|iPhoneSimulator.ActiveCfg = Debug|Any CPU
		{ED8EEA4D-135E-4448-B27F-867A3A8D8918}.Debug|iPhoneSimulator.Build.0 = Debug|Any CPU
		{ED8EEA4D-135E-4448-B27F-867A3A8D8918}.Debug|iPhoneSimulator.Deploy.0 = Debug|Any CPU
		{ED8EEA4D-135E-4448-B27F-867A3A8D8918}.Debug|x64.ActiveCfg = Debug|Any CPU
		{ED8EEA4D-135E-4448-B27F-867A3A8D8918}.Debug|x64.Build.0 = Debug|Any CPU
		{ED8EEA4D-135E-4448-B27F-867A3A8D8918}.Debug|x64.Deploy.0 = Debug|Any CPU
		{ED8EEA4D-135E-4448-B27F-867A3A8D8918}.Debug|x86.ActiveCfg = Debug|Any CPU
		{ED8EEA4D-135E-4448-B27F-867A3A8D8918}.Debug|x86.Build.0 = Debug|Any CPU
		{ED8EEA4D-135E-4448-B27F-867A3A8D8918}.Debug|x86.Deploy.0 = Debug|Any CPU
		{ED8EEA4D-135E-4448-B27F-867A3A8D8918}.Release|Any CPU.ActiveCfg = Release|Any CPU
		{ED8EEA4D-135E-4448-B27F-867A3A8D8918}.Release|Any CPU.Build.0 = Release|Any CPU
		{ED8EEA4D-135E-4448-B27F-867A3A8D8918}.Release|Any CPU.Deploy.0 = Release|Any CPU
		{ED8EEA4D-135E-4448-B27F-867A3A8D8918}.Release|ARM.ActiveCfg = Release|Any CPU
		{ED8EEA4D-135E-4448-B27F-867A3A8D8918}.Release|ARM.Build.0 = Release|Any CPU
		{ED8EEA4D-135E-4448-B27F-867A3A8D8918}.Release|ARM.Deploy.0 = Release|Any CPU
		{ED8EEA4D-135E-4448-B27F-867A3A8D8918}.Release|iPhone.ActiveCfg = Release|Any CPU
		{ED8EEA4D-135E-4448-B27F-867A3A8D8918}.Release|iPhone.Build.0 = Release|Any CPU
		{ED8EEA4D-135E-4448-B27F-867A3A8D8918}.Release|iPhone.Deploy.0 = Release|Any CPU
		{ED8EEA4D-135E-4448-B27F-867A3A8D8918}.Release|iPhoneSimulator.ActiveCfg = Release|Any CPU
		{ED8EEA4D-135E-4448-B27F-867A3A8D8918}.Release|iPhoneSimulator.Build.0 = Release|Any CPU
		{ED8EEA4D-135E-4448-B27F-867A3A8D8918}.Release|iPhoneSimulator.Deploy.0 = Release|Any CPU
		{ED8EEA4D-135E-4448-B27F-867A3A8D8918}.Release|x64.ActiveCfg = Release|Any CPU
		{ED8EEA4D-135E-4448-B27F-867A3A8D8918}.Release|x64.Build.0 = Release|Any CPU
		{ED8EEA4D-135E-4448-B27F-867A3A8D8918}.Release|x64.Deploy.0 = Release|Any CPU
		{ED8EEA4D-135E-4448-B27F-867A3A8D8918}.Release|x86.ActiveCfg = Release|Any CPU
		{ED8EEA4D-135E-4448-B27F-867A3A8D8918}.Release|x86.Build.0 = Release|Any CPU
		{ED8EEA4D-135E-4448-B27F-867A3A8D8918}.Release|x86.Deploy.0 = Release|Any CPU
	EndGlobalSection
	GlobalSection(SolutionProperties) = preSolution
		HideSolutionNode = FALSE
	EndGlobalSection
	GlobalSection(ExtensibilityGlobals) = postSolution
		SolutionGuid = {2060BD17-CE82-4748-ADD8-3604D39CF012}
	EndGlobalSection
EndGlobal
